PODS:
  - Alamofire (4.7.3)
  - MQTTClient (0.14.0):
    - MQTTClient/Core (= 0.14.0)
  - MQTTClient/Core (0.14.0):
    - MQTTClient/Manager
    - MQTTClient/Min
  - MQTTClient/Manager (0.14.0):
    - MQTTClient/Min
  - MQTTClient/Min (0.14.0)

DEPENDENCIES:
  - Alamofire (~> 4.7)
  - MQTTClient

SPEC REPOS:
  https://github.com/cocoapods/specs.git:
    - Alamofire
    - MQTTClient

SPEC CHECKSUMS:
  Alamofire: c7287b6e5d7da964a70935e5db17046b7fde6568
  MQTTClient: eea2eaaa6ddef852a1019a4dda091e22ad928b58

PODFILE CHECKSUM: 95c790ad2b23c4d0fab622c90d5272c76cc13c17

COCOAPODS: 1.5.3
